Microsoft Visual Studio Solution File, Format Version 11.00
# Visual Studio 2008

Project("{D511F843-9ECD-E366-4743-7FBBA67A4394}") = "Space", "Assembly-CSharp-vs.csproj", "{C1BF62FA-C5C9-41A2-2CDF-B0DCBC002D60}"
EndProject
Project("{D511F843-9ECD-E366-4743-7FBBA67A4394}") = "Space", "Assembly-CSharp-Editor-vs.csproj", "{9D37F8A7-F49A-5AFD-4F5C-12C67B24D91F}"
EndProject
Global
	GlobalSection(SolutionConfigurationPlatforms) = preSolution
		Debug|Any CPU = Debug|Any CPU
		Release|Any CPU = Release|Any CPU
	EndGlobalSection
	GlobalSection(ProjectConfigurationPlatforms) = postSolution
		{C1BF62FA-C5C9-41A2-2CDF-B0DCBC002D60}.Debug|Any CPU.ActiveCfg = Debug|Any CPU
		{C1BF62FA-C5C9-41A2-2CDF-B0DCBC002D60}.Debug|Any CPU.Build.0 = Debug|Any CPU
		{C1BF62FA-C5C9-41A2-2CDF-B0DCBC002D60}.Release|Any CPU.ActiveCfg = Release|Any CPU
		{C1BF62FA-C5C9-41A2-2CDF-B0DCBC002D60}.Release|Any CPU.Build.0 = Release|Any CPU
		{9D37F8A7-F49A-5AFD-4F5C-12C67B24D91F}.Debug|Any CPU.ActiveCfg = Debug|Any CPU
		{9D37F8A7-F49A-5AFD-4F5C-12C67B24D91F}.Debug|Any CPU.Build.0 = Debug|Any CPU
		{9D37F8A7-F49A-5AFD-4F5C-12C67B24D91F}.Release|Any CPU.ActiveCfg = Release|Any CPU
		{9D37F8A7-F49A-5AFD-4F5C-12C67B24D91F}.Release|Any CPU.Build.0 = Release|Any CPU
	EndGlobalSection
	GlobalSection(SolutionProperties) = preSolution
		HideSolutionNode = FALSE
	EndGlobalSection
																																																																																																																																																				GlobalSection(MonoDevelopProperties) = preSolution
=======
																																																																																																																																											GlobalSection(MonoDevelopProperties) = preSolution
>>>>>>> 48a6274e8bda8430c9de058561d407e4c81c3f83
=======
																																																																																															GlobalSection(MonoDevelopProperties) = preSolution
>>>>>>> 5c2f3b3e1bb47f45e49aaa8ee8c6d8d7b196f3c3
																																																																							GlobalSection(MonoDevelopProperties) = preSolution
																																																																				GlobalSection(MonoDevelopProperties) = preSolution
=======
																																																																		GlobalSection(MonoDevelopProperties) = preSolution
>>>>>>> 4ef8783ef41f9a5cb615524fa8f3d37d9accb5ba
=======
																																																						GlobalSection(MonoDevelopProperties) = preSolution
																																											GlobalSection(MonoDevelopProperties) = preSolution
>>>>>>> 63e2ee1e0081627c32185267bdba08e590bdcba0
<<<<<<< HEAD
																																				GlobalSection(MonoDevelopProperties) = preSolution
=======
																																			GlobalSection(MonoDevelopProperties) = preSolution
>>>>>>> b1507c80432f824e191e809b0c8e56a44edec780
													GlobalSection(MonoDevelopProperties) = preSolution
																						GlobalSection(MonoDevelopProperties) = preSolution
		StartupItem = Assembly-CSharp.csproj
		Policies = $0
		$0.TextStylePolicy = $1
		$1.inheritsSet = null
		$1.scope = text/x-csharp
		$0.CSharpFormattingPolicy = $2
		$2.inheritsSet = Mono
		$2.inheritsScope = text/x-csharp
		$2.scope = text/x-csharp
		$0.TextStylePolicy = $3
		$3.FileWidth = 120
		$3.TabWidth = 4
		$3.EolMarker = Unix
		$3.inheritsSet = Mono
		$3.inheritsScope = text/plain
		$3.scope = text/plain
	EndGlobalSection

EndGlobal
